
Microsoft Visual Studio Solution File, Format Version 12.00
# Visual Studio 15
VisualStudioVersion = 15.0.26228.9
MinimumVisualStudioVersion = 10.0.40219.1
Project("{FAE04EC0-301F-11D3-BF4B-00C04F79EFBC}") = "Lib", "Lib\Lib.csproj", "{A8BEB6BF-D021-43A5-9422-B119C4A2BB34}"
EndProject
Project("{FAE04EC0-301F-11D3-BF4B-00C04F79EFBC}") = "WcfServiceCosmos", "WcfServiceCosmos\WcfServiceCosmos.csproj", "{6271C94C-7B7A-467E-A215-43B1968FE641}"
EndProject
Global
	GlobalSection(SolutionConfigurationPlatforms) = preSolution
		Debug|Any CPU = Debug|Any CPU
		Release|Any CPU = Release|Any CPU
	EndGlobalSection
	GlobalSection(ProjectConfigurationPlatforms) = postSolution
		{A8BEB6BF-D021-43A5-9422-B119C4A2BB34}.Debug|Any CPU.ActiveCfg = Debug|Any CPU
		{A8BEB6BF-D021-43A5-9422-B119C4A2BB34}.Debug|Any CPU.Build.0 = Debug|Any CPU
		{A8BEB6BF-D021-43A5-9422-B119C4A2BB34}.Release|Any CPU.ActiveCfg = Release|Any CPU
		{A8BEB6BF-D021-43A5-9422-B119C4A2BB34}.Release|Any CPU.Build.0 = Release|Any CPU
		{6271C94C-7B7A-467E-A215-43B1968FE641}.Debug|Any CPU.ActiveCfg = Debug|Any CPU
		{6271C94C-7B7A-467E-A215-43B1968FE641}.Debug|Any CPU.Build.0 = Debug|Any CPU
		{6271C94C-7B7A-467E-A215-43B1968FE641}.Release|Any CPU.ActiveCfg = Release|Any CPU
		{6271C94C-7B7A-467E-A215-43B1968FE641}.Release|Any CPU.Build.0 = Release|Any CPU
	EndGlobalSection
	GlobalSection(SolutionProperties) = preSolution
		HideSolutionNode = FALSE
	EndGlobalSection
EndGlobal
