
Microsoft Visual Studio Solution File, Format Version 12.00
# Visual Studio 15
VisualStudioVersion = 15.0.26228.9
MinimumVisualStudioVersion = 10.0.40219.1
Project("{FAE04EC0-301F-11D3-BF4B-00C04F79EFBC}") = "Lib", "Lib\Lib.csproj", "{E71FE6A1-6282-41A3-AA7C-88F92777E727}"
EndProject
Project("{FAE04EC0-301F-11D3-BF4B-00C04F79EFBC}") = "MovieRepository", "MovieRepository\MovieRepository.csproj", "{25C22A6F-4D3F-40E5-9A07-678A03C78D32}"
EndProject
Project("{FAE04EC0-301F-11D3-BF4B-00C04F79EFBC}") = "MoviesServer", "MoviesServer\MoviesServer.csproj", "{D2F789E0-3F04-45AF-A8EC-2AD7EB11E89A}"
EndProject
Project("{FAE04EC0-301F-11D3-BF4B-00C04F79EFBC}") = "Client", "Client\Client.csproj", "{E5634329-4599-4643-A209-6BDD5B8E6C87}"
EndProject
Global
	GlobalSection(SolutionConfigurationPlatforms) = preSolution
		Debug|Any CPU = Debug|Any CPU
		Release|Any CPU = Release|Any CPU
	EndGlobalSection
	GlobalSection(ProjectConfigurationPlatforms) = postSolution
		{E71FE6A1-6282-41A3-AA7C-88F92777E727}.Debug|Any CPU.ActiveCfg = Debug|Any CPU
		{E71FE6A1-6282-41A3-AA7C-88F92777E727}.Debug|Any CPU.Build.0 = Debug|Any CPU
		{E71FE6A1-6282-41A3-AA7C-88F92777E727}.Release|Any CPU.ActiveCfg = Release|Any CPU
		{E71FE6A1-6282-41A3-AA7C-88F92777E727}.Release|Any CPU.Build.0 = Release|Any CPU
		{25C22A6F-4D3F-40E5-9A07-678A03C78D32}.Debug|Any CPU.ActiveCfg = Debug|Any CPU
		{25C22A6F-4D3F-40E5-9A07-678A03C78D32}.Debug|Any CPU.Build.0 = Debug|Any CPU
		{25C22A6F-4D3F-40E5-9A07-678A03C78D32}.Release|Any CPU.ActiveCfg = Release|Any CPU
		{25C22A6F-4D3F-40E5-9A07-678A03C78D32}.Release|Any CPU.Build.0 = Release|Any CPU
		{D2F789E0-3F04-45AF-A8EC-2AD7EB11E89A}.Debug|Any CPU.ActiveCfg = Debug|Any CPU
		{D2F789E0-3F04-45AF-A8EC-2AD7EB11E89A}.Debug|Any CPU.Build.0 = Debug|Any CPU
		{D2F789E0-3F04-45AF-A8EC-2AD7EB11E89A}.Release|Any CPU.ActiveCfg = Release|Any CPU
		{D2F789E0-3F04-45AF-A8EC-2AD7EB11E89A}.Release|Any CPU.Build.0 = Release|Any CPU
		{E5634329-4599-4643-A209-6BDD5B8E6C87}.Debug|Any CPU.ActiveCfg = Debug|Any CPU
		{E5634329-4599-4643-A209-6BDD5B8E6C87}.Debug|Any CPU.Build.0 = Debug|Any CPU
		{E5634329-4599-4643-A209-6BDD5B8E6C87}.Release|Any CPU.ActiveCfg = Release|Any CPU
		{E5634329-4599-4643-A209-6BDD5B8E6C87}.Release|Any CPU.Build.0 = Release|Any CPU
	EndGlobalSection
	GlobalSection(SolutionProperties) = preSolution
		HideSolutionNode = FALSE
	EndGlobalSection
EndGlobal
